
Microsoft Visual Studio Solution File, Format Version 12.00
# Visual Studio Version 16
VisualStudioVersion = 16.0.30011.22
MinimumVisualStudioVersion = 10.0.40219.1
Project("{FAE04EC0-301F-11D3-BF4B-00C04F79EFBC}") = "OOP_lab_3_16_2", "OOP_lab_3_16_2\OOP_lab_3_16_2.csproj", "{8DD3F9B9-D13C-4E47-94A2-B07645B53E55}"
EndProject
Project("{2150E333-8FDC-42A3-9474-1A3956D46DE8}") = "Solution Items", "Solution Items", "{122A9E27-B4F1-4B42-AC66-A135C5AD84D7}"
	ProjectSection(SolutionItems) = preProject
		.travis.yml = .travis.yml
	EndProjectSection
EndProject
Global
	GlobalSection(SolutionConfigurationPlatforms) = preSolution
		Debug|Any CPU = Debug|Any CPU
		Release|Any CPU = Release|Any CPU
	EndGlobalSection
	GlobalSection(ProjectConfigurationPlatforms) = postSolution
		{8DD3F9B9-D13C-4E47-94A2-B07645B53E55}.Debug|Any CPU.ActiveCfg = Debug|Any CPU
		{8DD3F9B9-D13C-4E47-94A2-B07645B53E55}.Debug|Any CPU.Build.0 = Debug|Any CPU
		{8DD3F9B9-D13C-4E47-94A2-B07645B53E55}.Release|Any CPU.ActiveCfg = Release|Any CPU
		{8DD3F9B9-D13C-4E47-94A2-B07645B53E55}.Release|Any CPU.Build.0 = Release|Any CPU
	EndGlobalSection
	GlobalSection(SolutionProperties) = preSolution
		HideSolutionNode = FALSE
	EndGlobalSection
	GlobalSection(ExtensibilityGlobals) = postSolution
		SolutionGuid = {4B455CE6-694E-4116-A891-EA1E0407F6D0}
	EndGlobalSection
EndGlobal
